// !$*UTF8*$!
{
	archiveVersion = 1;
	classes = {
	};
	objectVersion = 46;
	objects = {

/* Begin PBXBuildFile section */
		01806B72008AC6C7DE78772D /* Pods_PetSearch.framework in Frameworks */ = {isa = PBXBuildFile; fileRef = 5954E9C9D65D89742C0EDC40 /* Pods_PetSearch.framework */; };
		0F96406D25F890086DEB3685 /* Pods_PetSearchUITests.framework in Frameworks */ = {isa = PBXBuildFile; fileRef = 37CFCB4EE43BF2C4E0F8664C /* Pods_PetSearchUITests.framework */; };
		381418431EA1564800B51DAC /* InputPetTableViewController.swift in Sources */ = {isa = PBXBuildFile; fileRef = 381418421EA1564700B51DAC /* InputPetTableViewController.swift */; };
		381418451EA7F83500B51DAC /* CoreLocation.framework in Frameworks */ = {isa = PBXBuildFile; fileRef = 381418441EA7F83500B51DAC /* CoreLocation.framework */; };
		381418471EAE6CEC00B51DAC /* PreviewViewController.swift in Sources */ = {isa = PBXBuildFile; fileRef = 381418461EAE6CEC00B51DAC /* PreviewViewController.swift */; };
		3815A7C81E9D2A420048275C /* AppDelegate.swift in Sources */ = {isa = PBXBuildFile; fileRef = 3815A7C71E9D2A420048275C /* AppDelegate.swift */; };
		3815A7CA1E9D2A420048275C /* LaunchScreenView.swift in Sources */ = {isa = PBXBuildFile; fileRef = 3815A7C91E9D2A420048275C /* LaunchScreenView.swift */; };
		3815A7D01E9D2A420048275C /* PetSearch.xcdatamodeld in Sources */ = {isa = PBXBuildFile; fileRef = 3815A7CE1E9D2A420048275C /* PetSearch.xcdatamodeld */; };
		3815A7D21E9D2A420048275C /* Assets.xcassets in Resources */ = {isa = PBXBuildFile; fileRef = 3815A7D11E9D2A420048275C /* Assets.xcassets */; };
		3815A7D51E9D2A420048275C /* LaunchScreen.storyboard in Resources */ = {isa = PBXBuildFile; fileRef = 3815A7D31E9D2A420048275C /* LaunchScreen.storyboard */; };
		3815A7E01E9D2A420048275C /* PetSearchTests.swift in Sources */ = {isa = PBXBuildFile; fileRef = 3815A7DF1E9D2A420048275C /* PetSearchTests.swift */; };
		3815A7EB1E9D2A420048275C /* PetSearchUITests.swift in Sources */ = {isa = PBXBuildFile; fileRef = 3815A7EA1E9D2A420048275C /* PetSearchUITests.swift */; };
		3850FB761F0408430083F6AA /* User.swift in Sources */ = {isa = PBXBuildFile; fileRef = 3850FB751F0408430083F6AA /* User.swift */; };
		3850FB831F054FB00083F6AA /* LoginView.swift in Sources */ = {isa = PBXBuildFile; fileRef = 3850FB821F054FB00083F6AA /* LoginView.swift */; };
		3860CE5C1F0EBACC0028ADB2 /* PetCell.swift in Sources */ = {isa = PBXBuildFile; fileRef = 3860CE5A1F0EBACC0028ADB2 /* PetCell.swift */; };
		3860CE5D1F0EBACC0028ADB2 /* PetCell.xib in Resources */ = {isa = PBXBuildFile; fileRef = 3860CE5B1F0EBACC0028ADB2 /* PetCell.xib */; };
		3860CE631F1FF3D80028ADB2 /* ProfileView.swift in Sources */ = {isa = PBXBuildFile; fileRef = 3860CE621F1FF3D70028ADB2 /* ProfileView.swift */; };
		3860CE651F2665B30028ADB2 /* ManagePets.swift in Sources */ = {isa = PBXBuildFile; fileRef = 3860CE641F2665B30028ADB2 /* ManagePets.swift */; };
		3860CE671F2A66130028ADB2 /* PreviewView.swift in Sources */ = {isa = PBXBuildFile; fileRef = 3860CE661F2A66130028ADB2 /* PreviewView.swift */; };
		3860CE6B1F2A774F0028ADB2 /* Reachability.m in Sources */ = {isa = PBXBuildFile; fileRef = 3860CE6A1F2A774F0028ADB2 /* Reachability.m */; };
		3860CE7F1F30EDE80028ADB2 /* GeoFire.m in Sources */ = {isa = PBXBuildFile; fileRef = 3860CE761F30EDE80028ADB2 /* GeoFire.m */; };
		3860CE801F30EDE80028ADB2 /* GFBase32Utils.m in Sources */ = {isa = PBXBuildFile; fileRef = 3860CE781F30EDE80028ADB2 /* GFBase32Utils.m */; };
		3860CE811F30EDE80028ADB2 /* GFGeoHash.m in Sources */ = {isa = PBXBuildFile; fileRef = 3860CE7A1F30EDE80028ADB2 /* GFGeoHash.m */; };
		3860CE821F30EDE80028ADB2 /* GFGeoHashQuery.m in Sources */ = {isa = PBXBuildFile; fileRef = 3860CE7C1F30EDE80028ADB2 /* GFGeoHashQuery.m */; };
		3860CE831F30EDE80028ADB2 /* GFQuery.m in Sources */ = {isa = PBXBuildFile; fileRef = 3860CE7E1F30EDE80028ADB2 /* GFQuery.m */; };
		389854DA1E9FFDF7003F2115 /* Main.storyboard in Resources */ = {isa = PBXBuildFile; fileRef = 389854D81E9FFDF7003F2115 /* Main.storyboard */; };
		38C6FB071EF31110002289D3 /* PetProfileView.swift in Sources */ = {isa = PBXBuildFile; fileRef = 38C6FB061EF31110002289D3 /* PetProfileView.swift */; };
		38C6FB091EF322D8002289D3 /* LoginScreen.swift in Sources */ = {isa = PBXBuildFile; fileRef = 38C6FB081EF322D8002289D3 /* LoginScreen.swift */; };
		38F3524F1F055314005460FA /* FoundViewController.swift in Sources */ = {isa = PBXBuildFile; fileRef = 38F3524E1F055314005460FA /* FoundViewController.swift */; };
		38F352511F05539A005460FA /* LostViewController.swift in Sources */ = {isa = PBXBuildFile; fileRef = 38F352501F05539A005460FA /* LostViewController.swift */; };
		38F352531F055511005460FA /* AdoptViewController.swift in Sources */ = {isa = PBXBuildFile; fileRef = 38F352521F055511005460FA /* AdoptViewController.swift */; };
		38F352551F057549005460FA /* Service.swift in Sources */ = {isa = PBXBuildFile; fileRef = 38F352541F057549005460FA /* Service.swift */; };
		38F90DAF1E9EC57D0097E6C7 /* GoogleService-Info.plist in Resources */ = {isa = PBXBuildFile; fileRef = 38F90DAE1E9EC57D0097E6C7 /* GoogleService-Info.plist */; };
		38F90DB91E9FC7980097E6C7 /* Pet.swift in Sources */ = {isa = PBXBuildFile; fileRef = 38F90DB81E9FC7980097E6C7 /* Pet.swift */; };
		38FCFDA01F57472A005E72B7 /* MailComposer.swift in Sources */ = {isa = PBXBuildFile; fileRef = 38FCFD9F1F57472A005E72B7 /* MailComposer.swift */; };
		3DD470767AC25ADA88CE1552 /* Pods_PetSearchTests.framework in Frameworks */ = {isa = PBXBuildFile; fileRef = B344E95FC22E0D4DCBFF78B5 /* Pods_PetSearchTests.framework */; };
/* End PBXBuildFile section */

/* Begin PBXContainerItemProxy section */
		3815A7DC1E9D2A420048275C /* PBXContainerItemProxy */ = {
			isa = PBXContainerItemProxy;
			containerPortal = 3815A7BC1E9D2A420048275C /* Project object */;
			proxyType = 1;
			remoteGlobalIDString = 3815A7C31E9D2A420048275C;
			remoteInfo = PetSearch;
		};
		3815A7E71E9D2A420048275C /* PBXContainerItemProxy */ = {
			isa = PBXContainerItemProxy;
			containerPortal = 3815A7BC1E9D2A420048275C /* Project object */;
			proxyType = 1;
			remoteGlobalIDString = 3815A7C31E9D2A420048275C;
			remoteInfo = PetSearch;
		};
/* End PBXContainerItemProxy section */

/* Begin PBXFileReference section */
		37CFCB4EE43BF2C4E0F8664C /* Pods_PetSearchUITests.framework */ = {isa = PBXFileReference; explicitFileType = wrapper.framework; includeInIndex = 0; path = Pods_PetSearchUITests.framework; sourceTree = BUILT_PRODUCTS_DIR; };
		381418421EA1564700B51DAC /* InputPetTableViewController.swift */ = {isa = PBXFileReference; fileEncoding = 4; lastKnownFileType = sourcecode.swift; path = InputPetTableViewController.swift; sourceTree = "<group>"; };
		381418441EA7F83500B51DAC /* CoreLocation.framework */ = {isa = PBXFileReference; lastKnownFileType = wrapper.framework; name = CoreLocation.framework; path = System/Library/Frameworks/CoreLocation.framework; sourceTree = SDKROOT; };
		381418461EAE6CEC00B51DAC /* PreviewViewController.swift */ = {isa = PBXFileReference; fileEncoding = 4; lastKnownFileType = sourcecode.swift; path = PreviewViewController.swift; sourceTree = "<group>"; };
		3815A7C41E9D2A420048275C /* PetSearch.app */ = {isa = PBXFileReference; explicitFileType = wrapper.application; includeInIndex = 0; path = PetSearch.app; sourceTree = BUILT_PRODUCTS_DIR; };
		3815A7C71E9D2A420048275C /* AppDelegate.swift */ = {isa = PBXFileReference; lastKnownFileType = sourcecode.swift; path = AppDelegate.swift; sourceTree = "<group>"; };
		3815A7C91E9D2A420048275C /* LaunchScreenView.swift */ = {isa = PBXFileReference; lastKnownFileType = sourcecode.swift; path = LaunchScreenView.swift; sourceTree = "<group>"; };
		3815A7CF1E9D2A420048275C /* PetSearch.xcdatamodel */ = {isa = PBXFileReference; lastKnownFileType = wrapper.xcdatamodel; path = PetSearch.xcdatamodel; sourceTree = "<group>"; };
		3815A7D11E9D2A420048275C /* Assets.xcassets */ = {isa = PBXFileReference; lastKnownFileType = folder.assetcatalog; path = Assets.xcassets; sourceTree = "<group>"; };
		3815A7D41E9D2A420048275C /* Base */ = {isa = PBXFileReference; lastKnownFileType = file.storyboard; name = Base; path = Base.lproj/LaunchScreen.storyboard; sourceTree = "<group>"; };
		3815A7D61E9D2A420048275C /* Info.plist */ = {isa = PBXFileReference; lastKnownFileType = text.plist.xml; path = Info.plist; sourceTree = "<group>"; };
		3815A7DB1E9D2A420048275C /* PetSearchTests.xctest */ = {isa = PBXFileReference; explicitFileType = wrapper.cfbundle; includeInIndex = 0; path = PetSearchTests.xctest; sourceTree = BUILT_PRODUCTS_DIR; };
		3815A7DF1E9D2A420048275C /* PetSearchTests.swift */ = {isa = PBXFileReference; lastKnownFileType = sourcecode.swift; path = PetSearchTests.swift; sourceTree = "<group>"; };
		3815A7E11E9D2A420048275C /* Info.plist */ = {isa = PBXFileReference; lastKnownFileType = text.plist.xml; path = Info.plist; sourceTree = "<group>"; };
		3815A7E61E9D2A420048275C /* PetSearchUITests.xctest */ = {isa = PBXFileReference; explicitFileType = wrapper.cfbundle; includeInIndex = 0; path = PetSearchUITests.xctest; sourceTree = BUILT_PRODUCTS_DIR; };
		3815A7EA1E9D2A420048275C /* PetSearchUITests.swift */ = {isa = PBXFileReference; lastKnownFileType = sourcecode.swift; path = PetSearchUITests.swift; sourceTree = "<group>"; };
		3815A7EC1E9D2A420048275C /* Info.plist */ = {isa = PBXFileReference; lastKnownFileType = text.plist.xml; path = Info.plist; sourceTree = "<group>"; };
		3850FB751F0408430083F6AA /* User.swift */ = {isa = PBXFileReference; fileEncoding = 4; lastKnownFileType = sourcecode.swift; path = User.swift; sourceTree = "<group>"; };
		3850FB821F054FB00083F6AA /* LoginView.swift */ = {isa = PBXFileReference; fileEncoding = 4; lastKnownFileType = sourcecode.swift; path = LoginView.swift; sourceTree = "<group>"; };
		3860CE5A1F0EBACC0028ADB2 /* PetCell.swift */ = {isa = PBXFileReference; fileEncoding = 4; lastKnownFileType = sourcecode.swift; path = PetCell.swift; sourceTree = "<group>"; };
		3860CE5B1F0EBACC0028ADB2 /* PetCell.xib */ = {isa = PBXFileReference; fileEncoding = 4; lastKnownFileType = file.xib; path = PetCell.xib; sourceTree = "<group>"; };
		3860CE621F1FF3D70028ADB2 /* ProfileView.swift */ = {isa = PBXFileReference; fileEncoding = 4; lastKnownFileType = sourcecode.swift; path = ProfileView.swift; sourceTree = "<group>"; };
		3860CE641F2665B30028ADB2 /* ManagePets.swift */ = {isa = PBXFileReference; fileEncoding = 4; lastKnownFileType = sourcecode.swift; path = ManagePets.swift; sourceTree = "<group>"; };
		3860CE661F2A66130028ADB2 /* PreviewView.swift */ = {isa = PBXFileReference; fileEncoding = 4; lastKnownFileType = sourcecode.swift; path = PreviewView.swift; sourceTree = "<group>"; };
		3860CE681F2A773F0028ADB2 /* Reachability.h */ = {isa = PBXFileReference; lastKnownFileType = sourcecode.c.h; path = Reachability.h; sourceTree = "<group>"; };
		3860CE691F2A774E0028ADB2 /* PetSearch-Bridging-Header.h */ = {isa = PBXFileReference; lastKnownFileType = sourcecode.c.h; path = "PetSearch-Bridging-Header.h"; sourceTree = "<group>"; };
		3860CE6A1F2A774F0028ADB2 /* Reachability.m */ = {isa = PBXFileReference; fileEncoding = 4; lastKnownFileType = sourcecode.c.objc; path = Reachability.m; sourceTree = "<group>"; };
		3860CE6F1F30EDE80028ADB2 /* GeoFire.h */ = {isa = PBXFileReference; fileEncoding = 4; lastKnownFileType = sourcecode.c.h; path = GeoFire.h; sourceTree = "<group>"; };
		3860CE701F30EDE80028ADB2 /* GFCircleQuery.h */ = {isa = PBXFileReference; fileEncoding = 4; lastKnownFileType = sourcecode.c.h; path = GFCircleQuery.h; sourceTree = "<group>"; };
		3860CE711F30EDE80028ADB2 /* GFQuery.h */ = {isa = PBXFileReference; fileEncoding = 4; lastKnownFileType = sourcecode.c.h; path = GFQuery.h; sourceTree = "<group>"; };
		3860CE721F30EDE80028ADB2 /* GFRegionQuery.h */ = {isa = PBXFileReference; fileEncoding = 4; lastKnownFileType = sourcecode.c.h; path = GFRegionQuery.h; sourceTree = "<group>"; };
		3860CE731F30EDE80028ADB2 /* GeoFire-Prefix.pch */ = {isa = PBXFileReference; fileEncoding = 4; lastKnownFileType = sourcecode.c.h; path = "GeoFire-Prefix.pch"; sourceTree = "<group>"; };
		3860CE751F30EDE80028ADB2 /* GeoFire+Private.h */ = {isa = PBXFileReference; fileEncoding = 4; lastKnownFileType = sourcecode.c.h; path = "GeoFire+Private.h"; sourceTree = "<group>"; };
		3860CE761F30EDE80028ADB2 /* GeoFire.m */ = {isa = PBXFileReference; fileEncoding = 4; lastKnownFileType = sourcecode.c.objc; path = GeoFire.m; sourceTree = "<group>"; };
		3860CE771F30EDE80028ADB2 /* GFBase32Utils.h */ = {isa = PBXFileReference; fileEncoding = 4; lastKnownFileType = sourcecode.c.h; path = GFBase32Utils.h; sourceTree = "<group>"; };
		3860CE781F30EDE80028ADB2 /* GFBase32Utils.m */ = {isa = PBXFileReference; fileEncoding = 4; lastKnownFileType = sourcecode.c.objc; path = GFBase32Utils.m; sourceTree = "<group>"; };
		3860CE791F30EDE80028ADB2 /* GFGeoHash.h */ = {isa = PBXFileReference; fileEncoding = 4; lastKnownFileType = sourcecode.c.h; path = GFGeoHash.h; sourceTree = "<group>"; };
		3860CE7A1F30EDE80028ADB2 /* GFGeoHash.m */ = {isa = PBXFileReference; fileEncoding = 4; lastKnownFileType = sourcecode.c.objc; path = GFGeoHash.m; sourceTree = "<group>"; };
		3860CE7B1F30EDE80028ADB2 /* GFGeoHashQuery.h */ = {isa = PBXFileReference; fileEncoding = 4; lastKnownFileType = sourcecode.c.h; path = GFGeoHashQuery.h; sourceTree = "<group>"; };
		3860CE7C1F30EDE80028ADB2 /* GFGeoHashQuery.m */ = {isa = PBXFileReference; fileEncoding = 4; lastKnownFileType = sourcecode.c.objc; path = GFGeoHashQuery.m; sourceTree = "<group>"; };
		3860CE7D1F30EDE80028ADB2 /* GFQuery+Private.h */ = {isa = PBXFileReference; fileEncoding = 4; lastKnownFileType = sourcecode.c.h; path = "GFQuery+Private.h"; sourceTree = "<group>"; };
		3860CE7E1F30EDE80028ADB2 /* GFQuery.m */ = {isa = PBXFileReference; fileEncoding = 4; lastKnownFileType = sourcecode.c.objc; path = GFQuery.m; sourceTree = "<group>"; };
		389854D91E9FFDF7003F2115 /* Base */ = {isa = PBXFileReference; lastKnownFileType = file.storyboard; name = Base; path = Base.lproj/Main.storyboard; sourceTree = "<group>"; };
		38C6FB061EF31110002289D3 /* PetProfileView.swift */ = {isa = PBXFileReference; fileEncoding = 4; lastKnownFileType = sourcecode.swift; path = PetProfileView.swift; sourceTree = "<group>"; };
		38C6FB081EF322D8002289D3 /* LoginScreen.swift */ = {isa = PBXFileReference; fileEncoding = 4; lastKnownFileType = sourcecode.swift; path = LoginScreen.swift; sourceTree = "<group>"; };
		38F3524E1F055314005460FA /* FoundViewController.swift */ = {isa = PBXFileReference; fileEncoding = 4; lastKnownFileType = sourcecode.swift; path = FoundViewController.swift; sourceTree = "<group>"; };
		38F352501F05539A005460FA /* LostViewController.swift */ = {isa = PBXFileReference; fileEncoding = 4; lastKnownFileType = sourcecode.swift; path = LostViewController.swift; sourceTree = "<group>"; };
		38F352521F055511005460FA /* AdoptViewController.swift */ = {isa = PBXFileReference; fileEncoding = 4; lastKnownFileType = sourcecode.swift; path = AdoptViewController.swift; sourceTree = "<group>"; };
		38F352541F057549005460FA /* Service.swift */ = {isa = PBXFileReference; fileEncoding = 4; lastKnownFileType = sourcecode.swift; path = Service.swift; sourceTree = "<group>"; };
		38F90DAE1E9EC57D0097E6C7 /* GoogleService-Info.plist */ = {isa = PBXFileReference; fileEncoding = 4; lastKnownFileType = text.plist.xml; path = "GoogleService-Info.plist"; sourceTree = "<group>"; };
		38F90DB81E9FC7980097E6C7 /* Pet.swift */ = {isa = PBXFileReference; fileEncoding = 4; lastKnownFileType = sourcecode.swift; path = Pet.swift; sourceTree = "<group>"; };
		38FCFD9F1F57472A005E72B7 /* MailComposer.swift */ = {isa = PBXFileReference; fileEncoding = 4; lastKnownFileType = sourcecode.swift; path = MailComposer.swift; sourceTree = "<group>"; };
		53E688F00B74E8269B01F20A /* Pods-PetSearch.debug.xcconfig */ = {isa = PBXFileReference; includeInIndex = 1; lastKnownFileType = text.xcconfig; name = "Pods-PetSearch.debug.xcconfig"; path = "Pods/Target Support Files/Pods-PetSearch/Pods-PetSearch.debug.xcconfig"; sourceTree = "<group>"; };
		5954E9C9D65D89742C0EDC40 /* Pods_PetSearch.framework */ = {isa = PBXFileReference; explicitFileType = wrapper.framework; includeInIndex = 0; path = Pods_PetSearch.framework; sourceTree = BUILT_PRODUCTS_DIR; };
		9170E79FE118C04FA6549F9E /* Pods-PetSearchTests.debug.xcconfig */ = {isa = PBXFileReference; includeInIndex = 1; lastKnownFileType = text.xcconfig; name = "Pods-PetSearchTests.debug.xcconfig"; path = "Pods/Target Support Files/Pods-PetSearchTests/Pods-PetSearchTests.debug.xcconfig"; sourceTree = "<group>"; };
		B344E95FC22E0D4DCBFF78B5 /* Pods_PetSearchTests.framework */ = {isa = PBXFileReference; explicitFileType = wrapper.framework; includeInIndex = 0; path = Pods_PetSearchTests.framework; sourceTree = BUILT_PRODUCTS_DIR; };
		C2B972BAE923160982DB414F /* Pods-PetSearchTests.release.xcconfig */ = {isa = PBXFileReference; includeInIndex = 1; lastKnownFileType = text.xcconfig; name = "Pods-PetSearchTests.release.xcconfig"; path = "Pods/Target Support Files/Pods-PetSearchTests/Pods-PetSearchTests.release.xcconfig"; sourceTree = "<group>"; };
		D03575D08206110733132388 /* Pods-PetSearchUITests.release.xcconfig */ = {isa = PBXFileReference; includeInIndex = 1; lastKnownFileType = text.xcconfig; name = "Pods-PetSearchUITests.release.xcconfig"; path = "Pods/Target Support Files/Pods-PetSearchUITests/Pods-PetSearchUITests.release.xcconfig"; sourceTree = "<group>"; };
		D915691FFC242D26FFD4F53E /* Pods-PetSearch.release.xcconfig */ = {isa = PBXFileReference; includeInIndex = 1; lastKnownFileType = text.xcconfig; name = "Pods-PetSearch.release.xcconfig"; path = "Pods/Target Support Files/Pods-PetSearch/Pods-PetSearch.release.xcconfig"; sourceTree = "<group>"; };
		F328FC0E44875548118418AA /* Pods-PetSearchUITests.debug.xcconfig */ = {isa = PBXFileReference; includeInIndex = 1; lastKnownFileType = text.xcconfig; name = "Pods-PetSearchUITests.debug.xcconfig"; path = "Pods/Target Support Files/Pods-PetSearchUITests/Pods-PetSearchUITests.debug.xcconfig"; sourceTree = "<group>"; };
/* End PBXFileReference section */

/* Begin PBXFrameworksBuildPhase section */
		3815A7C11E9D2A420048275C /* Frameworks */ = {
			isa = PBXFrameworksBuildPhase;
			buildActionMask = 2147483647;
			files = (
				381418451EA7F83500B51DAC /* CoreLocation.framework in Frameworks */,
				01806B72008AC6C7DE78772D /* Pods_PetSearch.framework in Frameworks */,
			);
			runOnlyForDeploymentPostprocessing = 0;
		};
		3815A7D81E9D2A420048275C /* Frameworks */ = {
			isa = PBXFrameworksBuildPhase;
			buildActionMask = 2147483647;
			files = (
				3DD470767AC25ADA88CE1552 /* Pods_PetSearchTests.framework in Frameworks */,
			);
			runOnlyForDeploymentPostprocessing = 0;
		};
		3815A7E31E9D2A420048275C /* Frameworks */ = {
			isa = PBXFrameworksBuildPhase;
			buildActionMask = 2147483647;
			files = (
				0F96406D25F890086DEB3685 /* Pods_PetSearchUITests.framework in Frameworks */,
			);
			runOnlyForDeploymentPostprocessing = 0;
		};
/* End PBXFrameworksBuildPhase section */

/* Begin PBXGroup section */
		3815A7BB1E9D2A420048275C = {
			isa = PBXGroup;
			children = (
				3815A7C61E9D2A420048275C /* PetSearch */,
				3815A7DE1E9D2A420048275C /* PetSearchTests */,
				3815A7E91E9D2A420048275C /* PetSearchUITests */,
				3815A7C51E9D2A420048275C /* Products */,
				45143E4AED26B0CF39F55A78 /* Pods */,
				971001180EA93B88D213434D /* Frameworks */,
			);
			sourceTree = "<group>";
		};
		3815A7C51E9D2A420048275C /* Products */ = {
			isa = PBXGroup;
			children = (
				3815A7C41E9D2A420048275C /* PetSearch.app */,
				3815A7DB1E9D2A420048275C /* PetSearchTests.xctest */,
				3815A7E61E9D2A420048275C /* PetSearchUITests.xctest */,
			);
			name = Products;
			sourceTree = "<group>";
		};
		3815A7C61E9D2A420048275C /* PetSearch */ = {
			isa = PBXGroup;
			children = (
				389854D81E9FFDF7003F2115 /* Main.storyboard */,
				3815A7C71E9D2A420048275C /* AppDelegate.swift */,
				38F352541F057549005460FA /* Service.swift */,
				3850FB711F0401460083F6AA /* Model */,
				3850FB741F0407780083F6AA /* Controller */,
				3850FB771F040E900083F6AA /* View */,
				38F90DAD1E9EC4BF0097E6C7 /* Support Files */,
			);
			path = PetSearch;
			sourceTree = "<group>";
		};
		3815A7DE1E9D2A420048275C /* PetSearchTests */ = {
			isa = PBXGroup;
			children = (
				3815A7DF1E9D2A420048275C /* PetSearchTests.swift */,
				3815A7E11E9D2A420048275C /* Info.plist */,
			);
			path = PetSearchTests;
			sourceTree = "<group>";
		};
		3815A7E91E9D2A420048275C /* PetSearchUITests */ = {
			isa = PBXGroup;
			children = (
				3815A7EA1E9D2A420048275C /* PetSearchUITests.swift */,
				3815A7EC1E9D2A420048275C /* Info.plist */,
			);
			path = PetSearchUITests;
			sourceTree = "<group>";
		};
		3850FB711F0401460083F6AA /* Model */ = {
			isa = PBXGroup;
			children = (
				38F90DB81E9FC7980097E6C7 /* Pet.swift */,
				3850FB751F0408430083F6AA /* User.swift */,
			);
			name = Model;
			sourceTree = "<group>";
		};
		3850FB741F0407780083F6AA /* Controller */ = {
			isa = PBXGroup;
			children = (
				38F352521F055511005460FA /* AdoptViewController.swift */,
				38F352501F05539A005460FA /* LostViewController.swift */,
				38F3524E1F055314005460FA /* FoundViewController.swift */,
				3815A7C91E9D2A420048275C /* LaunchScreenView.swift */,
				381418461EAE6CEC00B51DAC /* PreviewViewController.swift */,
				38C6FB061EF31110002289D3 /* PetProfileView.swift */,
				38C6FB081EF322D8002289D3 /* LoginScreen.swift */,
				381418421EA1564700B51DAC /* InputPetTableViewController.swift */,
				3860CE5A1F0EBACC0028ADB2 /* PetCell.swift */,
				3860CE641F2665B30028ADB2 /* ManagePets.swift */,
				38FCFD9F1F57472A005E72B7 /* MailComposer.swift */,
			);
			name = Controller;
			sourceTree = "<group>";
		};
		3850FB771F040E900083F6AA /* View */ = {
			isa = PBXGroup;
			children = (
				3860CE5B1F0EBACC0028ADB2 /* PetCell.xib */,
				3850FB821F054FB00083F6AA /* LoginView.swift */,
				3860CE621F1FF3D70028ADB2 /* ProfileView.swift */,
				3860CE661F2A66130028ADB2 /* PreviewView.swift */,
			);
			name = View;
			sourceTree = "<group>";
		};
		3860CE6D1F30EDE80028ADB2 /* GeoFire */ = {
			isa = PBXGroup;
			children = (
				3860CE6E1F30EDE80028ADB2 /* API */,
				3860CE731F30EDE80028ADB2 /* GeoFire-Prefix.pch */,
				3860CE741F30EDE80028ADB2 /* Implementation */,
			);
			path = GeoFire;
			sourceTree = "<group>";
		};
		3860CE6E1F30EDE80028ADB2 /* API */ = {
			isa = PBXGroup;
			children = (
				3860CE6F1F30EDE80028ADB2 /* GeoFire.h */,
				3860CE701F30EDE80028ADB2 /* GFCircleQuery.h */,
				3860CE711F30EDE80028ADB2 /* GFQuery.h */,
				3860CE721F30EDE80028ADB2 /* GFRegionQuery.h */,
			);
			path = API;
			sourceTree = "<group>";
		};
		3860CE741F30EDE80028ADB2 /* Implementation */ = {
			isa = PBXGroup;
			children = (
				3860CE751F30EDE80028ADB2 /* GeoFire+Private.h */,
				3860CE761F30EDE80028ADB2 /* GeoFire.m */,
				3860CE771F30EDE80028ADB2 /* GFBase32Utils.h */,
				3860CE781F30EDE80028ADB2 /* GFBase32Utils.m */,
				3860CE791F30EDE80028ADB2 /* GFGeoHash.h */,
				3860CE7A1F30EDE80028ADB2 /* GFGeoHash.m */,
				3860CE7B1F30EDE80028ADB2 /* GFGeoHashQuery.h */,
				3860CE7C1F30EDE80028ADB2 /* GFGeoHashQuery.m */,
				3860CE7D1F30EDE80028ADB2 /* GFQuery+Private.h */,
				3860CE7E1F30EDE80028ADB2 /* GFQuery.m */,
			);
			path = Implementation;
			sourceTree = "<group>";
		};
		38F90DAD1E9EC4BF0097E6C7 /* Support Files */ = {
			isa = PBXGroup;
			children = (
				3860CE6D1F30EDE80028ADB2 /* GeoFire */,
				3860CE691F2A774E0028ADB2 /* PetSearch-Bridging-Header.h */,
				3860CE681F2A773F0028ADB2 /* Reachability.h */,
				3860CE6A1F2A774F0028ADB2 /* Reachability.m */,
				38F90DAE1E9EC57D0097E6C7 /* GoogleService-Info.plist */,
				3815A7D11E9D2A420048275C /* Assets.xcassets */,
				3815A7D31E9D2A420048275C /* LaunchScreen.storyboard */,
				3815A7D61E9D2A420048275C /* Info.plist */,
				3815A7CE1E9D2A420048275C /* PetSearch.xcdatamodeld */,
			);
			name = "Support Files";
			sourceTree = "<group>";
		};
		45143E4AED26B0CF39F55A78 /* Pods */ = {
			isa = PBXGroup;
			children = (
				53E688F00B74E8269B01F20A /* Pods-PetSearch.debug.xcconfig */,
				D915691FFC242D26FFD4F53E /* Pods-PetSearch.release.xcconfig */,
				9170E79FE118C04FA6549F9E /* Pods-PetSearchTests.debug.xcconfig */,
				C2B972BAE923160982DB414F /* Pods-PetSearchTests.release.xcconfig */,
				F328FC0E44875548118418AA /* Pods-PetSearchUITests.debug.xcconfig */,
				D03575D08206110733132388 /* Pods-PetSearchUITests.release.xcconfig */,
			);
			name = Pods;
			sourceTree = "<group>";
		};
		971001180EA93B88D213434D /* Frameworks */ = {
			isa = PBXGroup;
			children = (
				381418441EA7F83500B51DAC /* CoreLocation.framework */,
				5954E9C9D65D89742C0EDC40 /* Pods_PetSearch.framework */,
				B344E95FC22E0D4DCBFF78B5 /* Pods_PetSearchTests.framework */,
				37CFCB4EE43BF2C4E0F8664C /* Pods_PetSearchUITests.framework */,
			);
			name = Frameworks;
			sourceTree = "<group>";
		};
/* End PBXGroup section */

/* Begin PBXNativeTarget section */
		3815A7C31E9D2A420048275C /* PetSearch */ = {
			isa = PBXNativeTarget;
			buildConfigurationList = 3815A7EF1E9D2A420048275C /* Build configuration list for PBXNativeTarget "PetSearch" */;
			buildPhases = (
				5C7DC5399B1D8B6C5F1E347F /* [CP] Check Pods Manifest.lock */,
				3815A7C01E9D2A420048275C /* Sources */,
				3815A7C11E9D2A420048275C /* Frameworks */,
				3815A7C21E9D2A420048275C /* Resources */,
				B720B85CCDA80A7C0CA0EF14 /* [CP] Embed Pods Frameworks */,
				2E43F354DFF3CD489B6C0AC9 /* [CP] Copy Pods Resources */,
			);
			buildRules = (
			);
			dependencies = (
			);
			name = PetSearch;
			productName = PetSearch;
			productReference = 3815A7C41E9D2A420048275C /* PetSearch.app */;
			productType = "com.apple.product-type.application";
		};
		3815A7DA1E9D2A420048275C /* PetSearchTests */ = {
			isa = PBXNativeTarget;
			buildConfigurationList = 3815A7F21E9D2A420048275C /* Build configuration list for PBXNativeTarget "PetSearchTests" */;
			buildPhases = (
				7B75AA6C8ABDE1C75C9EAF0B /* [CP] Check Pods Manifest.lock */,
				3815A7D71E9D2A420048275C /* Sources */,
				3815A7D81E9D2A420048275C /* Frameworks */,
				3815A7D91E9D2A420048275C /* Resources */,
				0F78309DE1FF4983ED51410C /* [CP] Embed Pods Frameworks */,
				2AF092F8EDA9F3C8EC194321 /* [CP] Copy Pods Resources */,
			);
			buildRules = (
			);
			dependencies = (
				3815A7DD1E9D2A420048275C /* PBXTargetDependency */,
			);
			name = PetSearchTests;
			productName = PetSearchTests;
			productReference = 3815A7DB1E9D2A420048275C /* PetSearchTests.xctest */;
			productType = "com.apple.product-type.bundle.unit-test";
		};
		3815A7E51E9D2A420048275C /* PetSearchUITests */ = {
			isa = PBXNativeTarget;
			buildConfigurationList = 3815A7F51E9D2A420048275C /* Build configuration list for PBXNativeTarget "PetSearchUITests" */;
			buildPhases = (
				2497E4354A282220A9166B4C /* [CP] Check Pods Manifest.lock */,
				3815A7E21E9D2A420048275C /* Sources */,
				3815A7E31E9D2A420048275C /* Frameworks */,
				3815A7E41E9D2A420048275C /* Resources */,
				053B8E31A2025FF4640BC62E /* [CP] Embed Pods Frameworks */,
				03433AB977F7E6C1EAFDC94A /* [CP] Copy Pods Resources */,
			);
			buildRules = (
			);
			dependencies = (
				3815A7E81E9D2A420048275C /* PBXTargetDependency */,
			);
			name = PetSearchUITests;
			productName = PetSearchUITests;
			productReference = 3815A7E61E9D2A420048275C /* PetSearchUITests.xctest */;
			productType = "com.apple.product-type.bundle.ui-testing";
		};
/* End PBXNativeTarget section */

/* Begin PBXProject section */
		3815A7BC1E9D2A420048275C /* Project object */ = {
			isa = PBXProject;
			attributes = {
				LastSwiftUpdateCheck = 0800;
				LastUpgradeCheck = 0800;
				ORGANIZATIONNAME = "Brittany Sprabery";
				TargetAttributes = {
					3815A7C31E9D2A420048275C = {
						CreatedOnToolsVersion = 8.0;
						DevelopmentTeam = 66QFFLPG4F;
						LastSwiftMigration = 0800;
						ProvisioningStyle = Automatic;
					};
					3815A7DA1E9D2A420048275C = {
						CreatedOnToolsVersion = 8.0;
						ProvisioningStyle = Automatic;
						TestTargetID = 3815A7C31E9D2A420048275C;
					};
					3815A7E51E9D2A420048275C = {
						CreatedOnToolsVersion = 8.0;
						ProvisioningStyle = Automatic;
						TestTargetID = 3815A7C31E9D2A420048275C;
					};
				};
			};
			buildConfigurationList = 3815A7BF1E9D2A420048275C /* Build configuration list for PBXProject "PetSearch" */;
			compatibilityVersion = "Xcode 3.2";
			developmentRegion = English;
			hasScannedForEncodings = 0;
			knownRegions = (
				en,
				Base,
			);
			mainGroup = 3815A7BB1E9D2A420048275C;
			productRefGroup = 3815A7C51E9D2A420048275C /* Products */;
			projectDirPath = "";
			projectRoot = "";
			targets = (
				3815A7C31E9D2A420048275C /* PetSearch */,
				3815A7DA1E9D2A420048275C /* PetSearchTests */,
				3815A7E51E9D2A420048275C /* PetSearchUITests */,
			);
		};
/* End PBXProject section */

/* Begin PBXResourcesBuildPhase section */
		3815A7C21E9D2A420048275C /* Resources */ = {
			isa = PBXResourcesBuildPhase;
			buildActionMask = 2147483647;
			files = (
				3815A7D51E9D2A420048275C /* LaunchScreen.storyboard in Resources */,
				389854DA1E9FFDF7003F2115 /* Main.storyboard in Resources */,
				38F90DAF1E9EC57D0097E6C7 /* GoogleService-Info.plist in Resources */,
				3860CE5D1F0EBACC0028ADB2 /* PetCell.xib in Resources */,
				3815A7D21E9D2A420048275C /* Assets.xcassets in Resources */,
			);
			runOnlyForDeploymentPostprocessing = 0;
		};
		3815A7D91E9D2A420048275C /* Resources */ = {
			isa = PBXResourcesBuildPhase;
			buildActionMask = 2147483647;
			files = (
			);
			runOnlyForDeploymentPostprocessing = 0;
		};
		3815A7E41E9D2A420048275C /* Resources */ = {
			isa = PBXResourcesBuildPhase;
			buildActionMask = 2147483647;
			files = (
			);
			runOnlyForDeploymentPostprocessing = 0;
		};
/* End PBXResourcesBuildPhase section */

/* Begin PBXShellScriptBuildPhase section */
		03433AB977F7E6C1EAFDC94A /* [CP] Copy Pods Resources */ = {
			isa = PBXShellScriptBuildPhase;
			buildActionMask = 2147483647;
			files = (
			);
			inputPaths = (
			);
			name = "[CP] Copy Pods Resources";
			outputPaths = (
			);
			runOnlyForDeploymentPostprocessing = 0;
			shellPath = /bin/sh;
			shellScript = "\"${SRCROOT}/Pods/Target Support Files/Pods-PetSearchUITests/Pods-PetSearchUITests-resources.sh\"\n";
			showEnvVarsInLog = 0;
		};
		053B8E31A2025FF4640BC62E /* [CP] Embed Pods Frameworks */ = {
			isa = PBXShellScriptBuildPhase;
			buildActionMask = 2147483647;
			files = (
			);
			inputPaths = (
			);
			name = "[CP] Embed Pods Frameworks";
			outputPaths = (
			);
			runOnlyForDeploymentPostprocessing = 0;
			shellPath = /bin/sh;
			shellScript = "\"${SRCROOT}/Pods/Target Support Files/Pods-PetSearchUITests/Pods-PetSearchUITests-frameworks.sh\"\n";
			showEnvVarsInLog = 0;
		};
		0F78309DE1FF4983ED51410C /* [CP] Embed Pods Frameworks */ = {
			isa = PBXShellScriptBuildPhase;
			buildActionMask = 2147483647;
			files = (
			);
			inputPaths = (
			);
			name = "[CP] Embed Pods Frameworks";
			outputPaths = (
			);
			runOnlyForDeploymentPostprocessing = 0;
			shellPath = /bin/sh;
			shellScript = "\"${SRCROOT}/Pods/Target Support Files/Pods-PetSearchTests/Pods-PetSearchTests-frameworks.sh\"\n";
			showEnvVarsInLog = 0;
		};
		2497E4354A282220A9166B4C /* [CP] Check Pods Manifest.lock */ = {
			isa = PBXShellScriptBuildPhase;
			buildActionMask = 2147483647;
			files = (
			);
			inputPaths = (
			);
			name = "[CP] Check Pods Manifest.lock";
			outputPaths = (
			);
			runOnlyForDeploymentPostprocessing = 0;
			shellPath = /bin/sh;
			shellScript = "diff \"${PODS_ROOT}/../Podfile.lock\" \"${PODS_ROOT}/Manifest.lock\" > /dev/null\nif [ $? != 0 ] ; then\n    # print error to STDERR\n    echo \"error: The sandbox is not in sync with the Podfile.lock. Run 'pod install' or update your CocoaPods installation.\" >&2\n    exit 1\nfi\n";
			showEnvVarsInLog = 0;
		};
		2AF092F8EDA9F3C8EC194321 /* [CP] Copy Pods Resources */ = {
			isa = PBXShellScriptBuildPhase;
			buildActionMask = 2147483647;
			files = (
			);
			inputPaths = (
			);
			name = "[CP] Copy Pods Resources";
			outputPaths = (
			);
			runOnlyForDeploymentPostprocessing = 0;
			shellPath = /bin/sh;
			shellScript = "\"${SRCROOT}/Pods/Target Support Files/Pods-PetSearchTests/Pods-PetSearchTests-resources.sh\"\n";
			showEnvVarsInLog = 0;
		};
		2E43F354DFF3CD489B6C0AC9 /* [CP] Copy Pods Resources */ = {
			isa = PBXShellScriptBuildPhase;
			buildActionMask = 2147483647;
			files = (
			);
			inputPaths = (
			);
			name = "[CP] Copy Pods Resources";
			outputPaths = (
			);
			runOnlyForDeploymentPostprocessing = 0;
			shellPath = /bin/sh;
			shellScript = "\"${SRCROOT}/Pods/Target Support Files/Pods-PetSearch/Pods-PetSearch-resources.sh\"\n";
			showEnvVarsInLog = 0;
		};
		5C7DC5399B1D8B6C5F1E347F /* [CP] Check Pods Manifest.lock */ = {
			isa = PBXShellScriptBuildPhase;
			buildActionMask = 2147483647;
			files = (
			);
			inputPaths = (
			);
			name = "[CP] Check Pods Manifest.lock";
			outputPaths = (
			);
			runOnlyForDeploymentPostprocessing = 0;
			shellPath = /bin/sh;
			shellScript = "diff \"${PODS_ROOT}/../Podfile.lock\" \"${PODS_ROOT}/Manifest.lock\" > /dev/null\nif [ $? != 0 ] ; then\n    # print error to STDERR\n    echo \"error: The sandbox is not in sync with the Podfile.lock. Run 'pod install' or update your CocoaPods installation.\" >&2\n    exit 1\nfi\n";
			showEnvVarsInLog = 0;
		};
		7B75AA6C8ABDE1C75C9EAF0B /* [CP] Check Pods Manifest.lock */ = {
			isa = PBXShellScriptBuildPhase;
			buildActionMask = 2147483647;
			files = (
			);
			inputPaths = (
			);
			name = "[CP] Check Pods Manifest.lock";
			outputPaths = (
			);
			runOnlyForDeploymentPostprocessing = 0;
			shellPath = /bin/sh;
			shellScript = "diff \"${PODS_ROOT}/../Podfile.lock\" \"${PODS_ROOT}/Manifest.lock\" > /dev/null\nif [ $? != 0 ] ; then\n    # print error to STDERR\n    echo \"error: The sandbox is not in sync with the Podfile.lock. Run 'pod install' or update your CocoaPods installation.\" >&2\n    exit 1\nfi\n";
			showEnvVarsInLog = 0;
		};
		B720B85CCDA80A7C0CA0EF14 /* [CP] Embed Pods Frameworks */ = {
			isa = PBXShellScriptBuildPhase;
			buildActionMask = 2147483647;
			files = (
			);
			inputPaths = (
			);
			name = "[CP] Embed Pods Frameworks";
			outputPaths = (
			);
			runOnlyForDeploymentPostprocessing = 0;
			shellPath = /bin/sh;
			shellScript = "\"${SRCROOT}/Pods/Target Support Files/Pods-PetSearch/Pods-PetSearch-frameworks.sh\"\n";
			showEnvVarsInLog = 0;
		};
/* End PBXShellScriptBuildPhase section */

/* Begin PBXSourcesBuildPhase section */
		3815A7C01E9D2A420048275C /* Sources */ = {
			isa = PBXSourcesBuildPhase;
			buildActionMask = 2147483647;
			files = (
				3850FB761F0408430083F6AA /* User.swift in Sources */,
				38F352551F057549005460FA /* Service.swift in Sources */,
				3860CE821F30EDE80028ADB2 /* GFGeoHashQuery.m in Sources */,
				38F3524F1F055314005460FA /* FoundViewController.swift in Sources */,
				38F90DB91E9FC7980097E6C7 /* Pet.swift in Sources */,
				381418471EAE6CEC00B51DAC /* PreviewViewController.swift in Sources */,
				3860CE801F30EDE80028ADB2 /* GFBase32Utils.m in Sources */,
				3815A7CA1E9D2A420048275C /* LaunchScreenView.swift in Sources */,
				381418431EA1564800B51DAC /* InputPetTableViewController.swift in Sources */,
				3815A7C81E9D2A420048275C /* AppDelegate.swift in Sources */,
				3860CE631F1FF3D80028ADB2 /* ProfileView.swift in Sources */,
				3860CE7F1F30EDE80028ADB2 /* GeoFire.m in Sources */,
				38FCFDA01F57472A005E72B7 /* MailComposer.swift in Sources */,
				3860CE5C1F0EBACC0028ADB2 /* PetCell.swift in Sources */,
				3860CE6B1F2A774F0028ADB2 /* Reachability.m in Sources */,
				38C6FB091EF322D8002289D3 /* LoginScreen.swift in Sources */,
				3860CE831F30EDE80028ADB2 /* GFQuery.m in Sources */,
				3860CE671F2A66130028ADB2 /* PreviewView.swift in Sources */,
				3850FB831F054FB00083F6AA /* LoginView.swift in Sources */,
				3860CE651F2665B30028ADB2 /* ManagePets.swift in Sources */,
				38C6FB071EF31110002289D3 /* PetProfileView.swift in Sources */,
				3860CE811F30EDE80028ADB2 /* GFGeoHash.m in Sources */,
				38F352511F05539A005460FA /* LostViewController.swift in Sources */,
				38F352531F055511005460FA /* AdoptViewController.swift in Sources */,
				3815A7D01E9D2A420048275C /* PetSearch.xcdatamodeld in Sources */,
			);
			runOnlyForDeploymentPostprocessing = 0;
		};
		3815A7D71E9D2A420048275C /* Sources */ = {
			isa = PBXSourcesBuildPhase;
			buildActionMask = 2147483647;
			files = (
				3815A7E01E9D2A420048275C /* PetSearchTests.swift in Sources */,
			);
			runOnlyForDeploymentPostprocessing = 0;
		};
		3815A7E21E9D2A420048275C /* Sources */ = {
			isa = PBXSourcesBuildPhase;
			buildActionMask = 2147483647;
			files = (
				3815A7EB1E9D2A420048275C /* PetSearchUITests.swift in Sources */,
			);
			runOnlyForDeploymentPostprocessing = 0;
		};
/* End PBXSourcesBuildPhase section */

/* Begin PBXTargetDependency section */
		3815A7DD1E9D2A420048275C /* PBXTargetDependency */ = {
			isa = PBXTargetDependency;
			target = 3815A7C31E9D2A420048275C /* PetSearch */;
			targetProxy = 3815A7DC1E9D2A420048275C /* PBXContainerItemProxy */;
		};
		3815A7E81E9D2A420048275C /* PBXTargetDependency */ = {
			isa = PBXTargetDependency;
			target = 3815A7C31E9D2A420048275C /* PetSearch */;
			targetProxy = 3815A7E71E9D2A420048275C /* PBXContainerItemProxy */;
		};
/* End PBXTargetDependency section */

/* Begin PBXVariantGroup section */
		3815A7D31E9D2A420048275C /* LaunchScreen.storyboard */ = {
			isa = PBXVariantGroup;
			children = (
				3815A7D41E9D2A420048275C /* Base */,
			);
			name = LaunchScreen.storyboard;
			sourceTree = "<group>";
		};
		389854D81E9FFDF7003F2115 /* Main.storyboard */ = {
			isa = PBXVariantGroup;
			children = (
				389854D91E9FFDF7003F2115 /* Base */,
			);
			name = Main.storyboard;
			sourceTree = "<group>";
		};
/* End PBXVariantGroup section */

/* Begin XCBuildConfiguration section */
		3815A7ED1E9D2A420048275C /* Debug */ = {
			isa = XCBuildConfiguration;
			buildSettings = {
				ALWAYS_SEARCH_USER_PATHS = NO;
				CLANG_ANALYZER_NONNULL = YES;
				CLANG_CXX_LANGUAGE_STANDARD = "gnu++0x";
				CLANG_CXX_LIBRARY = "libc++";
				CLANG_ENABLE_MODULES = YES;
				CLANG_ENABLE_OBJC_ARC = YES;
				CLANG_WARN_BOOL_CONVERSION = YES;
				CLANG_WARN_CONSTANT_CONVERSION = YES;
				CLANG_WARN_DIRECT_OBJC_ISA_USAGE = YES_ERROR;
				CLANG_WARN_DOCUMENTATION_COMMENTS = YES;
				CLANG_WARN_EMPTY_BODY = YES;
				CLANG_WARN_ENUM_CONVERSION = YES;
				CLANG_WARN_INFINITE_RECURSION = YES;
				CLANG_WARN_INT_CONVERSION = YES;
				CLANG_WARN_OBJC_ROOT_CLASS = YES_ERROR;
				CLANG_WARN_SUSPICIOUS_MOVES = YES;
				CLANG_WARN_UNREACHABLE_CODE = YES;
				CLANG_WARN__DUPLICATE_METHOD_MATCH = YES;
				"CODE_SIGN_IDENTITY[sdk=iphoneos*]" = "iPhone Developer";
				COPY_PHASE_STRIP = NO;
				DEBUG_INFORMATION_FORMAT = dwarf;
				ENABLE_STRICT_OBJC_MSGSEND = YES;
				ENABLE_TESTABILITY = YES;
				GCC_C_LANGUAGE_STANDARD = gnu99;
				GCC_DYNAMIC_NO_PIC = NO;
				GCC_NO_COMMON_BLOCKS = YES;
				GCC_OPTIMIZATION_LEVEL = 0;
				GCC_PREPROCESSOR_DEFINITIONS = (
					"DEBUG=1",
					"$(inherited)",
				);
				GCC_WARN_64_TO_32_BIT_CONVERSION = YES;
				GCC_WARN_ABOUT_RETURN_TYPE = YES_ERROR;
				GCC_WARN_UNDECLARED_SELECTOR = YES;
				GCC_WARN_UNINITIALIZED_AUTOS = YES_AGGRESSIVE;
				GCC_WARN_UNUSED_FUNCTION = YES;
				GCC_WARN_UNUSED_VARIABLE = YES;
				IPHONEOS_DEPLOYMENT_TARGET = 10.0;
				MTL_ENABLE_DEBUG_INFO = YES;
				ONLY_ACTIVE_ARCH = YES;
				SDKROOT = iphoneos;
				SWIFT_ACTIVE_COMPILATION_CONDITIONS = DEBUG;
				SWIFT_OPTIMIZATION_LEVEL = "-Onone";
				TARGETED_DEVICE_FAMILY = "1,2";
			};
			name = Debug;
		};
		3815A7EE1E9D2A420048275C /* Release */ = {
			isa = XCBuildConfiguration;
			buildSettings = {
				ALWAYS_SEARCH_USER_PATHS = NO;
				CLANG_ANALYZER_NONNULL = YES;
				CLANG_CXX_LANGUAGE_STANDARD = "gnu++0x";
				CLANG_CXX_LIBRARY = "libc++";
				CLANG_ENABLE_MODULES = YES;
				CLANG_ENABLE_OBJC_ARC = YES;
				CLANG_WARN_BOOL_CONVERSION = YES;
				CLANG_WARN_CONSTANT_CONVERSION = YES;
				CLANG_WARN_DIRECT_OBJC_ISA_USAGE = YES_ERROR;
				CLANG_WARN_DOCUMENTATION_COMMENTS = YES;
				CLANG_WARN_EMPTY_BODY = YES;
				CLANG_WARN_ENUM_CONVERSION = YES;
				CLANG_WARN_INFINITE_RECURSION = YES;
				CLANG_WARN_INT_CONVERSION = YES;
				CLANG_WARN_OBJC_ROOT_CLASS = YES_ERROR;
				CLANG_WARN_SUSPICIOUS_MOVES = YES;
				CLANG_WARN_UNREACHABLE_CODE = YES;
				CLANG_WARN__DUPLICATE_METHOD_MATCH = YES;
				"CODE_SIGN_IDENTITY[sdk=iphoneos*]" = "iPhone Developer";
				COPY_PHASE_STRIP = NO;
				DEBUG_INFORMATION_FORMAT = "dwarf-with-dsym";
				ENABLE_NS_ASSERTIONS = NO;
				ENABLE_STRICT_OBJC_MSGSEND = YES;
				GCC_C_LANGUAGE_STANDARD = gnu99;
				GCC_NO_COMMON_BLOCKS = YES;
				GCC_WARN_64_TO_32_BIT_CONVERSION = YES;
				GCC_WARN_ABOUT_RETURN_TYPE = YES_ERROR;
				GCC_WARN_UNDECLARED_SELECTOR = YES;
				GCC_WARN_UNINITIALIZED_AUTOS = YES_AGGRESSIVE;
				GCC_WARN_UNUSED_FUNCTION = YES;
				GCC_WARN_UNUSED_VARIABLE = YES;
				IPHONEOS_DEPLOYMENT_TARGET = 10.0;
				MTL_ENABLE_DEBUG_INFO = NO;
				SDKROOT = iphoneos;
				SWIFT_OPTIMIZATION_LEVEL = "-Owholemodule";
				TARGETED_DEVICE_FAMILY = "1,2";
				VALIDATE_PRODUCT = YES;
			};
			name = Release;
		};
		3815A7F01E9D2A420048275C /* Debug */ = {
			isa = XCBuildConfiguration;
			baseConfigurationReference = 53E688F00B74E8269B01F20A /* Pods-PetSearch.debug.xcconfig */;
			buildSettings = {
				ASSETCATALOG_COMPILER_APPICON_NAME = AppIcon;
				CLANG_ENABLE_MODULES = YES;
				"CODE_SIGN_IDENTITY[sdk=iphoneos*]" = "iPhone Developer";
				DEVELOPMENT_TEAM = 66QFFLPG4F;
				INFOPLIST_FILE = PetSearch/Info.plist;
				LD_RUNPATH_SEARCH_PATHS = "$(inherited) @executable_path/Frameworks";
				PRODUCT_BUNDLE_IDENTIFIER = com.Sprabery.PetSearch;
				PRODUCT_NAME = "$(TARGET_NAME)";
				SWIFT_OBJC_BRIDGING_HEADER = "PetSearch/PetSearch-Bridging-Header.h";
				SWIFT_OPTIMIZATION_LEVEL = "-Onone";
				SWIFT_VERSION = 3.0;
				TARGETED_DEVICE_FAMILY = "1,2";
			};
			name = Debug;
		};
		3815A7F11E9D2A420048275C /* Release */ = {
			isa = XCBuildConfiguration;
			baseConfigurationReference = D915691FFC242D26FFD4F53E /* Pods-PetSearch.release.xcconfig */;
			buildSettings = {
				ASSETCATALOG_COMPILER_APPICON_NAME = AppIcon;
				CLANG_ENABLE_MODULES = YES;
				"CODE_SIGN_IDENTITY[sdk=iphoneos*]" = "iPhone Developer";
				DEVELOPMENT_TEAM = 66QFFLPG4F;
				INFOPLIST_FILE = PetSearch/Info.plist;
				LD_RUNPATH_SEARCH_PATHS = "$(inherited) @executable_path/Frameworks";
				PRODUCT_BUNDLE_IDENTIFIER = com.Sprabery.PetSearch;
				PRODUCT_NAME = "$(TARGET_NAME)";
				SWIFT_OBJC_BRIDGING_HEADER = "PetSearch/PetSearch-Bridging-Header.h";
				SWIFT_VERSION = 3.0;
				TARGETED_DEVICE_FAMILY = "1,2";
			};
			name = Release;
		};
		3815A7F31E9D2A420048275C /* Debug */ = {
			isa = XCBuildConfiguration;
			baseConfigurationReference = 9170E79FE118C04FA6549F9E /* Pods-PetSearchTests.debug.xcconfig */;
			buildSettings = {
				ALWAYS_EMBED_SWIFT_STANDARD_LIBRARIES = YES;
				BUNDLE_LOADER = "$(TEST_HOST)";
				INFOPLIST_FILE = PetSearchTests/Info.plist;
				LD_RUNPATH_SEARCH_PATHS = "$(inherited) @executable_path/Frameworks @loader_path/Frameworks";
				PRODUCT_BUNDLE_IDENTIFIER = com.example.PetSearchTests;
				PRODUCT_NAME = "$(TARGET_NAME)";
				SWIFT_VERSION = 3.0;
				TEST_HOST = "$(BUILT_PRODUCTS_DIR)/PetSearch.app/PetSearch";
			};
			name = Debug;
		};
		3815A7F41E9D2A420048275C /* Release */ = {
			isa = XCBuildConfiguration;
			baseConfigurationReference = C2B972BAE923160982DB414F /* Pods-PetSearchTests.release.xcconfig */;
			buildSettings = {
				ALWAYS_EMBED_SWIFT_STANDARD_LIBRARIES = YES;
				BUNDLE_LOADER = "$(TEST_HOST)";
				INFOPLIST_FILE = PetSearchTests/Info.plist;
				LD_RUNPATH_SEARCH_PATHS = "$(inherited) @executable_path/Frameworks @loader_path/Frameworks";
				PRODUCT_BUNDLE_IDENTIFIER = com.example.PetSearchTests;
				PRODUCT_NAME = "$(TARGET_NAME)";
				SWIFT_VERSION = 3.0;
				TEST_HOST = "$(BUILT_PRODUCTS_DIR)/PetSearch.app/PetSearch";
			};
			name = Release;
		};
		3815A7F61E9D2A420048275C /* Debug */ = {
			isa = XCBuildConfiguration;
			baseConfigurationReference = F328FC0E44875548118418AA /* Pods-PetSearchUITests.debug.xcconfig */;
			buildSettings = {
				ALWAYS_EMBED_SWIFT_STANDARD_LIBRARIES = YES;
				INFOPLIST_FILE = PetSearchUITests/Info.plist;
				LD_RUNPATH_SEARCH_PATHS = "$(inherited) @executable_path/Frameworks @loader_path/Frameworks";
				PRODUCT_BUNDLE_IDENTIFIER = com.example.PetSearchUITests;
				PRODUCT_NAME = "$(TARGET_NAME)";
				SWIFT_VERSION = 3.0;
				TEST_TARGET_NAME = PetSearch;
			};
			name = Debug;
		};
		3815A7F71E9D2A420048275C /* Release */ = {
			isa = XCBuildConfiguration;
			baseConfigurationReference = D03575D08206110733132388 /* Pods-PetSearchUITests.release.xcconfig */;
			buildSettings = {
				ALWAYS_EMBED_SWIFT_STANDARD_LIBRARIES = YES;
				INFOPLIST_FILE = PetSearchUITests/Info.plist;
				LD_RUNPATH_SEARCH_PATHS = "$(inherited) @executable_path/Frameworks @loader_path/Frameworks";
				PRODUCT_BUNDLE_IDENTIFIER = com.example.PetSearchUITests;
				PRODUCT_NAME = "$(TARGET_NAME)";
				SWIFT_VERSION = 3.0;
				TEST_TARGET_NAME = PetSearch;
			};
			name = Release;
		};
/* End XCBuildConfiguration section */

/* Begin XCConfigurationList section */
		3815A7BF1E9D2A420048275C /* Build configuration list for PBXProject "PetSearch" */ = {
			isa = XCConfigurationList;
			buildConfigurations = (
				3815A7ED1E9D2A420048275C /* Debug */,
				3815A7EE1E9D2A420048275C /* Release */,
			);
			defaultConfigurationIsVisible = 0;
			defaultConfigurationName = Release;
		};
		3815A7EF1E9D2A420048275C /* Build configuration list for PBXNativeTarget "PetSearch" */ = {
			isa = XCConfigurationList;
			buildConfigurations = (
				3815A7F01E9D2A420048275C /* Debug */,
				3815A7F11E9D2A420048275C /* Release */,
			);
			defaultConfigurationIsVisible = 0;
			defaultConfigurationName = Release;
		};
		3815A7F21E9D2A420048275C /* Build configuration list for PBXNativeTarget "PetSearchTests" */ = {
			isa = XCConfigurationList;
			buildConfigurations = (
				3815A7F31E9D2A420048275C /* Debug */,
				3815A7F41E9D2A420048275C /* Release */,
			);
			defaultConfigurationIsVisible = 0;
			defaultConfigurationName = Release;
		};
		3815A7F51E9D2A420048275C /* Build configuration list for PBXNativeTarget "PetSearchUITests" */ = {
			isa = XCConfigurationList;
			buildConfigurations = (
				3815A7F61E9D2A420048275C /* Debug */,
				3815A7F71E9D2A420048275C /* Release */,
			);
			defaultConfigurationIsVisible = 0;
			defaultConfigurationName = Release;
		};
/* End XCConfigurationList section */

/* Begin XCVersionGroup section */
		3815A7CE1E9D2A420048275C /* PetSearch.xcdatamodeld */ = {
			isa = XCVersionGroup;
			children = (
				3815A7CF1E9D2A420048275C /* PetSearch.xcdatamodel */,
			);
			currentVersion = 3815A7CF1E9D2A420048275C /* PetSearch.xcdatamodel */;
			path = PetSearch.xcdatamodeld;
			sourceTree = "<group>";
			versionGroupType = wrapper.xcdatamodel;
		};
/* End XCVersionGroup section */
	};
	rootObject = 3815A7BC1E9D2A420048275C /* Project object */;
}
